# This file is generated by running "yarn install" inside your project.
# Manual changes might be lost - proceed with caution!

__metadata:
  version: 5
  cacheKey: 8

"@cloudflare/workers-types@npm:^3.3.0":
  version: 3.3.1
  resolution: "@cloudflare/workers-types@npm:3.3.1"
  checksum: 63ddbeddc5498f08e79033573eb1dbccacc735e83d6f2d10bbe38038d94b6d803fea39c8386f3b9a3da37e4aed1dfd87b9b8b66d447dd6f3b9b4561cb996b2c2
  languageName: node
  linkType: hard

"@cloudflare/wrangler@npm:^1.19.7":
  version: 1.19.7
  resolution: "@cloudflare/wrangler@npm:1.19.7"
  dependencies:
    axios: ^0.21.1
    rimraf: ^3.0.2
    tar: ^6.1.10
  bin:
    wrangler: run-wrangler.js
    wrangler1: run-wrangler.js
  checksum: 74b0ab81f722978e805032b124a90e644c34578abfde6a2105dd564345af9a4512d602c45fe305e64051f6a94b1784f3a9b532fc785df80c74dc8b8a14782d2a
  languageName: node
  linkType: hard

"@iarna/toml@npm:^2.2.5":
  version: 2.2.5
  resolution: "@iarna/toml@npm:2.2.5"
  checksum: b63b2b2c4fd67969a6291543ada0303d45593801ee744b60f5390f183c03d9192bc67a217abb24be945158f1935f02840d9ffff40c0142aa171b5d3b6b6a3ea5
  languageName: node
  linkType: hard

"@miniflare/cache@npm:2.2.0":
  version: 2.2.0
  resolution: "@miniflare/cache@npm:2.2.0"
  dependencies:
    "@miniflare/core": 2.2.0
    "@miniflare/shared": 2.2.0
    http-cache-semantics: ^4.1.0
    undici: 4.12.1
  checksum: 143804cf9216ca4841f9f369e787d3d60ac86a3c2d563f1c99fb3598f0898dc95d09cfa632c828cbabcac066c98b788ec799183377903a87aadf5f733170b877
  languageName: node
  linkType: hard

"@miniflare/cli-parser@npm:2.2.0":
  version: 2.2.0
  resolution: "@miniflare/cli-parser@npm:2.2.0"
  dependencies:
    "@miniflare/shared": 2.2.0
    kleur: ^4.1.4
  checksum: 20ce48dca949a286656aa982b9fb9ab0be316a3cf421ce9b40ab84cf4e8a700fc657929973e4f5ce94c051ddf9c53da1ee47ee809ba5d36bb2ce86634b0f0296
  languageName: node
  linkType: hard

"@miniflare/core@npm:2.2.0":
  version: 2.2.0
  resolution: "@miniflare/core@npm:2.2.0"
  dependencies:
    "@iarna/toml": ^2.2.5
    "@miniflare/shared": 2.2.0
    "@miniflare/watcher": 2.2.0
    busboy: ^0.3.1
    dotenv: ^10.0.0
    kleur: ^4.1.4
    set-cookie-parser: ^2.4.8
    undici: 4.12.1
  checksum: d30f1044803c2ca8a7b717dcfc34e78e51b6429b7eecc1796dda2a1c0062df8c5ebeb658b685e69b563ce53a487b073bee400d28d3c982e99545932d2ea2bd07
  languageName: node
  linkType: hard

"@miniflare/durable-objects@npm:2.2.0":
  version: 2.2.0
  resolution: "@miniflare/durable-objects@npm:2.2.0"
  dependencies:
    "@miniflare/core": 2.2.0
    "@miniflare/shared": 2.2.0
    "@miniflare/storage-memory": 2.2.0
    undici: 4.12.1
  checksum: 4c7127131eeab9fbe381da8b15ad8abd2bd32e503d8e5962072532bbcd748fc0521a6db352b8e79072f3c2c483e3047a50dc57cde87ed29f4ab3f047fedc9a7b
  languageName: node
  linkType: hard

"@miniflare/html-rewriter@npm:2.2.0":
  version: 2.2.0
  resolution: "@miniflare/html-rewriter@npm:2.2.0"
  dependencies:
    "@miniflare/core": 2.2.0
    "@miniflare/shared": 2.2.0
    html-rewriter-wasm: ^0.4.0
    undici: 4.12.1
  checksum: 11c96b2b38654f50983403a48476bc00884499c864159d9cfba4905312f6f8d537ae6837828daf1e26a59250307a76ce98a67051c48c9cbf2dc73c6df68fb954
  languageName: node
  linkType: hard

"@miniflare/http-server@npm:2.2.0":
  version: 2.2.0
  resolution: "@miniflare/http-server@npm:2.2.0"
  dependencies:
    "@miniflare/core": 2.2.0
    "@miniflare/shared": 2.2.0
    "@miniflare/web-sockets": 2.2.0
    kleur: ^4.1.4
    selfsigned: ^2.0.0
    undici: 4.12.1
    ws: ^8.2.2
    youch: ^2.2.2
  checksum: 30f986f974384c396d827a6ecad6761d6e6813ac22bbe49bd2cda75d9f16c74c2aaa4f0a41e3240b27a3e5664954898849c60ab8001b547545d16b10f61f1545
  languageName: node
  linkType: hard

"@miniflare/kv@npm:2.2.0":
  version: 2.2.0
  resolution: "@miniflare/kv@npm:2.2.0"
  dependencies:
    "@miniflare/shared": 2.2.0
  checksum: 45701255cafdf74244f440fc4394bf3decda5baf3e72f9722971dd04392b5273d25be8053c5faaa4d016e1a196044d1c4f383551c871c8109992bc8ad37970e6
  languageName: node
  linkType: hard

"@miniflare/runner-vm@npm:2.2.0":
  version: 2.2.0
  resolution: "@miniflare/runner-vm@npm:2.2.0"
  dependencies:
    "@miniflare/shared": 2.2.0
  checksum: 4b238a74f42ea9949e28be3dea81e18e98cef94859f1a5c54a3d2659fb82c5caa833f2422481c303b0835caf087e144687f735ea0024db7b96d18903721458db
  languageName: node
  linkType: hard

"@miniflare/scheduler@npm:2.2.0":
  version: 2.2.0
  resolution: "@miniflare/scheduler@npm:2.2.0"
  dependencies:
    "@miniflare/core": 2.2.0
    "@miniflare/shared": 2.2.0
    cron-schedule: ^3.0.4
  checksum: c5247592cd27a316536cdd9485cc910dc246139bc952f25c05675dd5212d831dd2489ba4c49961f6fd38499cd211e5b804a5dc942520196e45f77d5a5ec59cb4
  languageName: node
  linkType: hard

"@miniflare/shared@npm:2.2.0":
  version: 2.2.0
  resolution: "@miniflare/shared@npm:2.2.0"
  dependencies:
    ignore: ^5.1.8
    kleur: ^4.1.4
  checksum: 73389cafcf0ab305b6ec4fc2c144836f2c14e5e8d46b6bc97dbfdf23b0588df16cdf9a743b3841f7477c2c9f9a35699dbf32be724fddd2c39c228f2321f36390
  languageName: node
  linkType: hard

"@miniflare/sites@npm:2.2.0":
  version: 2.2.0
  resolution: "@miniflare/sites@npm:2.2.0"
  dependencies:
    "@miniflare/kv": 2.2.0
    "@miniflare/shared": 2.2.0
    "@miniflare/storage-file": 2.2.0
  checksum: 96b78fbfbe533ca4a579ac8fabcb0c1ee7852303db6f4ba19eb46d36bb223dd5e4c61debccd18bd3a5e7f023d5760220ebeb1e630df6e24cf60bea76a43e0acc
  languageName: node
  linkType: hard

"@miniflare/storage-file@npm:2.2.0":
  version: 2.2.0
  resolution: "@miniflare/storage-file@npm:2.2.0"
  dependencies:
    "@miniflare/shared": 2.2.0
    "@miniflare/storage-memory": 2.2.0
  checksum: 6ff06699ddf9b537076cf3a0f0daf7723253844da0cfadd2740003abf5888a0d3b26b0ceedb151b6caa02871f0b420b11f7620b2f1f034df397a0a5cdd608ef0
  languageName: node
  linkType: hard

"@miniflare/storage-memory@npm:2.2.0":
  version: 2.2.0
  resolution: "@miniflare/storage-memory@npm:2.2.0"
  dependencies:
    "@miniflare/shared": 2.2.0
  checksum: 7b807d3e46ec4afa84bf45114db4a9ed9fdb76b978977c5bf34701c688c2ad4280b9208d1f3edd54c2526cabbaf3af40bfbe8663af94b7d5e479f77d82269cc0
  languageName: node
  linkType: hard

"@miniflare/watcher@npm:2.2.0":
  version: 2.2.0
  resolution: "@miniflare/watcher@npm:2.2.0"
  dependencies:
    "@miniflare/shared": 2.2.0
  checksum: 8e751102d0702dfb592d1c3c2fa2f128d9c3be85961590077844698498093f10be4f9e4f1b3872601870a1ab6a607c7e49d053cc9138df2c95e74e5349b664ea
  languageName: node
  linkType: hard

"@miniflare/web-sockets@npm:2.2.0":
  version: 2.2.0
  resolution: "@miniflare/web-sockets@npm:2.2.0"
  dependencies:
    "@miniflare/core": 2.2.0
    "@miniflare/shared": 2.2.0
    undici: 4.12.1
    ws: ^8.2.2
  checksum: 6050df9af0286415f24108be27d3ef2be4d15d4910aefc16c50c3e4564a7e4c69b2a10a26e93ca6b33231b43a9add5b0030e383e7bf0d5b38b32d39ef64148e8
  languageName: node
  linkType: hard

"@types/stack-trace@npm:0.0.29":
  version: 0.0.29
  resolution: "@types/stack-trace@npm:0.0.29"
  checksum: 2dcfdf8f10e250a76e43efe6d3e05a463b4e22ca290dbb423ec14fa21f57f94ef0cc8ba19ed3394c448218d9ddd9f7cd9adea131fb6572aa2d484b1cf7f043aa
  languageName: node
  linkType: hard

"@yarnpkg/esbuild-plugin-pnp@npm:^2.0.1-rc.1":
  version: 2.0.1-rc.1
  resolution: "@yarnpkg/esbuild-plugin-pnp@npm:2.0.1-rc.1"
  dependencies:
    tslib: ^1.13.0
  peerDependencies:
    esbuild: ">=0.10.0"
  checksum: 05717a9c1c17b71beee3e89dc6caf3b3ffd7db7f2b3f59ed35a5318a7cb2ca3eb2364ef801070919a278bfe43e6ed2df3363f838e3033b552fbf668c57b96bbc
  languageName: node
  linkType: hard

"axios@npm:^0.21.1":
  version: 0.21.4
  resolution: "axios@npm:0.21.4"
  dependencies:
    follow-redirects: ^1.14.0
  checksum: 44245f24ac971e7458f3120c92f9d66d1fc695e8b97019139de5b0cc65d9b8104647db01e5f46917728edfc0cfd88eb30fc4c55e6053eef4ace76768ce95ff3c
  languageName: node
  linkType: hard

"balanced-match@npm:^1.0.0":
  version: 1.0.2
  resolution: "balanced-match@npm:1.0.2"
  checksum: 9706c088a283058a8a99e0bf91b0a2f75497f185980d9ffa8b304de1d9e58ebda7c72c07ebf01dadedaac5b2907b2c6f566f660d62bd336c3468e960403b9d65
  languageName: node
  linkType: hard

"brace-expansion@npm:^1.1.7":
  version: 1.1.11
  resolution: "brace-expansion@npm:1.1.11"
  dependencies:
    balanced-match: ^1.0.0
    concat-map: 0.0.1
  checksum: faf34a7bb0c3fcf4b59c7808bc5d2a96a40988addf2e7e09dfbb67a2251800e0d14cd2bfc1aa79174f2f5095c54ff27f46fb1289fe2d77dac755b5eb3434cc07
  languageName: node
  linkType: hard

"buffer-from@npm:^1.0.0":
  version: 1.1.2
  resolution: "buffer-from@npm:1.1.2"
  checksum: 0448524a562b37d4d7ed9efd91685a5b77a50672c556ea254ac9a6d30e3403a517d8981f10e565db24e8339413b43c97ca2951f10e399c6125a0d8911f5679bb
  languageName: node
  linkType: hard

"busboy@npm:^0.3.1":
  version: 0.3.1
  resolution: "busboy@npm:0.3.1"
  dependencies:
    dicer: 0.3.0
  checksum: d2bcb788c4595edca4ea2168ab8bf7f9558b627ddcec2fb6bbaf0aa6a10b63da48dce35ce56936570f330c5268a3204f7037021a310a895a8b1a223568e0cc1b
  languageName: node
  linkType: hard

"chownr@npm:^2.0.0":
  version: 2.0.0
  resolution: "chownr@npm:2.0.0"
  checksum: c57cf9dd0791e2f18a5ee9c1a299ae6e801ff58fee96dc8bfd0dcb4738a6ce58dd252a3605b1c93c6418fe4f9d5093b28ffbf4d66648cb2a9c67eaef9679be2f
  languageName: node
  linkType: hard

"concat-map@npm:0.0.1":
  version: 0.0.1
  resolution: "concat-map@npm:0.0.1"
  checksum: 902a9f5d8967a3e2faf138d5cb784b9979bad2e6db5357c5b21c568df4ebe62bcb15108af1b2253744844eb964fc023fbd9afbbbb6ddd0bcc204c6fb5b7bf3af
  languageName: node
  linkType: hard

"cookie@npm:^0.4.1":
  version: 0.4.1
  resolution: "cookie@npm:0.4.1"
  checksum: bd7c47f5d94ab70ccdfe8210cde7d725880d2fcda06d8e375afbdd82de0c8d3b73541996e9ce57d35f67f672c4ee6d60208adec06b3c5fc94cebb85196084cf8
  languageName: node
  linkType: hard

"cron-schedule@npm:^3.0.4":
  version: 3.0.4
  resolution: "cron-schedule@npm:3.0.4"
  checksum: 9ab85e39fa2ce7a6fdfd532bc5fcde0b1de526f02adce28f3d43d29306c9e5a649dfa4ed27ef292df40b72dc064f4ef7218aebe3569ff75cdf1a3fbbf697b257
  languageName: node
  linkType: hard

"dicer@npm:0.3.0":
  version: 0.3.0
  resolution: "dicer@npm:0.3.0"
  dependencies:
    streamsearch: 0.1.2
  checksum: 9f61aea61fcd81457f1b43967af7e66415b7a31d393336fa05a29b221b5ba065b99e5cac46476b2da36eb7af7665bf8dad6f9500409116dc6a35ada183841598
  languageName: node
  linkType: hard

"dotenv@npm:^10.0.0":
  version: 10.0.0
  resolution: "dotenv@npm:10.0.0"
  checksum: f412c5fe8c24fbe313d302d2500e247ba8a1946492db405a4de4d30dd0eb186a88a43f13c958c5a7de303938949c4231c56994f97d05c4bc1f22478d631b4005
  languageName: node
  linkType: hard

"esbuild-android-arm64@npm:0.14.13":
  version: 0.14.13
  resolution: "esbuild-android-arm64@npm:0.14.13"
  conditions: os=android & cpu=arm64
  languageName: node
  linkType: hard

"esbuild-darwin-64@npm:0.14.13":
  version: 0.14.13
  resolution: "esbuild-darwin-64@npm:0.14.13"
  conditions: os=darwin & cpu=x64
  languageName: node
  linkType: hard

"esbuild-darwin-arm64@npm:0.14.13":
  version: 0.14.13
  resolution: "esbuild-darwin-arm64@npm:0.14.13"
  conditions: os=darwin & cpu=arm64
  languageName: node
  linkType: hard

"esbuild-freebsd-64@npm:0.14.13":
  version: 0.14.13
  resolution: "esbuild-freebsd-64@npm:0.14.13"
  conditions: os=freebsd & cpu=x64
  languageName: node
  linkType: hard

"esbuild-freebsd-arm64@npm:0.14.13":
  version: 0.14.13
  resolution: "esbuild-freebsd-arm64@npm:0.14.13"
  conditions: os=freebsd & cpu=arm64
  languageName: node
  linkType: hard

"esbuild-linux-32@npm:0.14.13":
  version: 0.14.13
  resolution: "esbuild-linux-32@npm:0.14.13"
  conditions: os=linux & cpu=ia32
  languageName: node
  linkType: hard

"esbuild-linux-64@npm:0.14.13":
  version: 0.14.13
  resolution: "esbuild-linux-64@npm:0.14.13"
  conditions: os=linux & cpu=x64
  languageName: node
  linkType: hard

"esbuild-linux-arm64@npm:0.14.13":
  version: 0.14.13
  resolution: "esbuild-linux-arm64@npm:0.14.13"
  conditions: os=linux & cpu=arm64
  languageName: node
  linkType: hard

"esbuild-linux-arm@npm:0.14.13":
  version: 0.14.13
  resolution: "esbuild-linux-arm@npm:0.14.13"
  conditions: os=linux & cpu=arm
  languageName: node
  linkType: hard

"esbuild-linux-mips64le@npm:0.14.13":
  version: 0.14.13
  resolution: "esbuild-linux-mips64le@npm:0.14.13"
  conditions: os=linux & cpu=mips64el
  languageName: node
  linkType: hard

"esbuild-linux-ppc64le@npm:0.14.13":
  version: 0.14.13
  resolution: "esbuild-linux-ppc64le@npm:0.14.13"
  conditions: os=linux & cpu=ppc64
  languageName: node
  linkType: hard

"esbuild-linux-s390x@npm:0.14.13":
  version: 0.14.13
  resolution: "esbuild-linux-s390x@npm:0.14.13"
  conditions: os=linux & cpu=s390x
  languageName: node
  linkType: hard

"esbuild-netbsd-64@npm:0.14.13":
  version: 0.14.13
  resolution: "esbuild-netbsd-64@npm:0.14.13"
  conditions: os=netbsd & cpu=x64
  languageName: node
  linkType: hard

"esbuild-openbsd-64@npm:0.14.13":
  version: 0.14.13
  resolution: "esbuild-openbsd-64@npm:0.14.13"
  conditions: os=openbsd & cpu=x64
  languageName: node
  linkType: hard

"esbuild-sunos-64@npm:0.14.13":
  version: 0.14.13
  resolution: "esbuild-sunos-64@npm:0.14.13"
  conditions: os=sunos & cpu=x64
  languageName: node
  linkType: hard

"esbuild-windows-32@npm:0.14.13":
  version: 0.14.13
  resolution: "esbuild-windows-32@npm:0.14.13"
  conditions: os=win32 & cpu=ia32
  languageName: node
  linkType: hard

"esbuild-windows-64@npm:0.14.13":
  version: 0.14.13
  resolution: "esbuild-windows-64@npm:0.14.13"
  conditions: os=win32 & cpu=x64
  languageName: node
  linkType: hard

"esbuild-windows-arm64@npm:0.14.13":
  version: 0.14.13
  resolution: "esbuild-windows-arm64@npm:0.14.13"
  conditions: os=win32 & cpu=arm64
  languageName: node
  linkType: hard

"esbuild@npm:0.14.13":
  version: 0.14.13
  resolution: "esbuild@npm:0.14.13"
  dependencies:
    esbuild-android-arm64: 0.14.13
    esbuild-darwin-64: 0.14.13
    esbuild-darwin-arm64: 0.14.13
    esbuild-freebsd-64: 0.14.13
    esbuild-freebsd-arm64: 0.14.13
    esbuild-linux-32: 0.14.13
    esbuild-linux-64: 0.14.13
    esbuild-linux-arm: 0.14.13
    esbuild-linux-arm64: 0.14.13
    esbuild-linux-mips64le: 0.14.13
    esbuild-linux-ppc64le: 0.14.13
    esbuild-linux-s390x: 0.14.13
    esbuild-netbsd-64: 0.14.13
    esbuild-openbsd-64: 0.14.13
    esbuild-sunos-64: 0.14.13
    esbuild-windows-32: 0.14.13
    esbuild-windows-64: 0.14.13
    esbuild-windows-arm64: 0.14.13
  dependenciesMeta:
    esbuild-android-arm64:
      optional: true
    esbuild-darwin-64:
      optional: true
    esbuild-darwin-arm64:
      optional: true
    esbuild-freebsd-64:
      optional: true
    esbuild-freebsd-arm64:
      optional: true
    esbuild-linux-32:
      optional: true
    esbuild-linux-64:
      optional: true
    esbuild-linux-arm:
      optional: true
    esbuild-linux-arm64:
      optional: true
    esbuild-linux-mips64le:
      optional: true
    esbuild-linux-ppc64le:
      optional: true
    esbuild-linux-s390x:
      optional: true
    esbuild-netbsd-64:
      optional: true
    esbuild-openbsd-64:
      optional: true
    esbuild-sunos-64:
      optional: true
    esbuild-windows-32:
      optional: true
    esbuild-windows-64:
      optional: true
    esbuild-windows-arm64:
      optional: true
  bin:
    esbuild: bin/esbuild
  checksum: c2cb12942ac6fa6b628249cb46deb1eeb6202c7dfc69e6d1de5c9cbb90527f865e288511dc4d980b16422cf83e6a250678c367fbd7578a06367fd73f7c552ce8
  languageName: node
  linkType: hard

"follow-redirects@npm:^1.14.0":
  version: 1.14.7
  resolution: "follow-redirects@npm:1.14.7"
  peerDependenciesMeta:
    debug:
      optional: true
  checksum: f6d03e5e30877431065bca0d1b2e3db93949eb799d368a5c07ea8a4b71205f0349a3f8f0191bf13a07c93885522834dca1dc8e527dc99a772c6911fba24edc5f
  languageName: node
  linkType: hard

"fs-minipass@npm:^2.0.0":
  version: 2.1.0
  resolution: "fs-minipass@npm:2.1.0"
  dependencies:
    minipass: ^3.0.0
  checksum: 1b8d128dae2ac6cc94230cc5ead341ba3e0efaef82dab46a33d171c044caaa6ca001364178d42069b2809c35a1c3c35079a32107c770e9ffab3901b59af8c8b1
  languageName: node
  linkType: hard

"fs.realpath@npm:^1.0.0":
  version: 1.0.0
  resolution: "fs.realpath@npm:1.0.0"
  checksum: 99ddea01a7e75aa276c250a04eedeffe5662bce66c65c07164ad6264f9de18fb21be9433ead460e54cff20e31721c811f4fb5d70591799df5f85dce6d6746fd0
  languageName: node
  linkType: hard

"glob@npm:^7.1.3":
  version: 7.2.0
  resolution: "glob@npm:7.2.0"
  dependencies:
    fs.realpath: ^1.0.0
    inflight: ^1.0.4
    inherits: 2
    minimatch: ^3.0.4
    once: ^1.3.0
    path-is-absolute: ^1.0.0
  checksum: 78a8ea942331f08ed2e055cb5b9e40fe6f46f579d7fd3d694f3412fe5db23223d29b7fee1575440202e9a7ff9a72ab106a39fee39934c7bedafe5e5f8ae20134
  languageName: node
  linkType: hard

"html-rewriter-wasm@npm:^0.4.0":
  version: 0.4.0
  resolution: "html-rewriter-wasm@npm:0.4.0"
  checksum: 76b31b6ff3a94b255beb1c9a93d0b5b6fb299c024224d31fec96c27aa41138ba444fb4be21c6da2abeb76fc206c26f8189069874ce2ec6be2a1f435395371e77
  languageName: node
  linkType: hard

"http-cache-semantics@npm:^4.1.0":
  version: 4.1.0
  resolution: "http-cache-semantics@npm:4.1.0"
  checksum: 974de94a81c5474be07f269f9fd8383e92ebb5a448208223bfb39e172a9dbc26feff250192ecc23b9593b3f92098e010406b0f24bd4d588d631f80214648ed42
  languageName: node
  linkType: hard

"ignore@npm:^5.1.8":
  version: 5.2.0
  resolution: "ignore@npm:5.2.0"
  checksum: 6b1f926792d614f64c6c83da3a1f9c83f6196c2839aa41e1e32dd7b8d174cef2e329d75caabb62cb61ce9dc432f75e67d07d122a037312db7caa73166a1bdb77
  languageName: node
  linkType: hard

"inflight@npm:^1.0.4":
  version: 1.0.6
  resolution: "inflight@npm:1.0.6"
  dependencies:
    once: ^1.3.0
    wrappy: 1
  checksum: f4f76aa072ce19fae87ce1ef7d221e709afb59d445e05d47fba710e85470923a75de35bfae47da6de1b18afc3ce83d70facf44cfb0aff89f0a3f45c0a0244dfd
  languageName: node
  linkType: hard

"inherits@npm:2":
  version: 2.0.4
  resolution: "inherits@npm:2.0.4"
  checksum: 4a48a733847879d6cf6691860a6b1e3f0f4754176e4d71494c41f3475553768b10f84b5ce1d40fbd0e34e6bfbb864ee35858ad4dd2cf31e02fc4a154b724d7f1
  languageName: node
  linkType: hard

"itty-router@npm:2.4.10":
  version: 2.4.10
  resolution: "itty-router@npm:2.4.10"
  checksum: 7ed406463d8208cd20ced141f94c4d3740f880883a0c76d1efa3659ff5013de126b4c064982a77ce431322914682743eb2acfcdb43a318713ad01c603c8d79f1
  languageName: node
  linkType: hard

"kleur@npm:^4.1.4":
  version: 4.1.4
  resolution: "kleur@npm:4.1.4"
  checksum: 7f6db36e378045dec14acd3cbf0b1e59130c09e984ee8b8ce56dd2d2257cfff90389c1e8f8b19bd09dd5d241080566a814b4ccd99fdcef91f59ef93ec33c8a44
  languageName: node
  linkType: hard

"miniflare@npm:2.2.0":
  version: 2.2.0
  resolution: "miniflare@npm:2.2.0"
  dependencies:
    "@miniflare/cache": 2.2.0
    "@miniflare/cli-parser": 2.2.0
    "@miniflare/core": 2.2.0
    "@miniflare/durable-objects": 2.2.0
    "@miniflare/html-rewriter": 2.2.0
    "@miniflare/http-server": 2.2.0
    "@miniflare/kv": 2.2.0
    "@miniflare/runner-vm": 2.2.0
    "@miniflare/scheduler": 2.2.0
    "@miniflare/shared": 2.2.0
    "@miniflare/sites": 2.2.0
    "@miniflare/storage-file": 2.2.0
    "@miniflare/storage-memory": 2.2.0
    "@miniflare/web-sockets": 2.2.0
    kleur: ^4.1.4
    semiver: ^1.1.0
    source-map-support: ^0.5.20
    undici: 4.12.1
  peerDependencies:
    "@miniflare/storage-redis": 2.2.0
    cron-schedule: ^3.0.4
    ioredis: ^4.27.9
  peerDependenciesMeta:
    "@miniflare/storage-redis":
      optional: true
    cron-schedule:
      optional: true
    ioredis:
      optional: true
  bin:
    miniflare: bootstrap.js
  checksum: ba4297a8a6e35026db7de82f7aea07c135308ab5d3188f7af785cc6e744dbd13584dc0bd045702c56ad68675b750881110a85b6afd3af5e7dabe0a4091e9b234
  languageName: node
  linkType: hard

"minimatch@npm:^3.0.4":
  version: 3.0.4
  resolution: "minimatch@npm:3.0.4"
  dependencies:
    brace-expansion: ^1.1.7
  checksum: 66ac295f8a7b59788000ea3749938b0970344c841750abd96694f80269b926ebcafad3deeb3f1da2522978b119e6ae3a5869b63b13a7859a456b3408bd18a078
  languageName: node
  linkType: hard

"minipass@npm:^3.0.0":
  version: 3.1.6
  resolution: "minipass@npm:3.1.6"
  dependencies:
    yallist: ^4.0.0
  checksum: 57a04041413a3531a65062452cb5175f93383ef245d6f4a2961d34386eb9aa8ac11ac7f16f791f5e8bbaf1dfb1ef01596870c88e8822215db57aa591a5bb0a77
  languageName: node
  linkType: hard

"minizlib@npm:^2.1.1":
  version: 2.1.2
  resolution: "minizlib@npm:2.1.2"
  dependencies:
    minipass: ^3.0.0
    yallist: ^4.0.0
  checksum: f1fdeac0b07cf8f30fcf12f4b586795b97be856edea22b5e9072707be51fc95d41487faec3f265b42973a304fe3a64acd91a44a3826a963e37b37bafde0212c3
  languageName: node
  linkType: hard

"mkdirp@npm:^1.0.3":
  version: 1.0.4
  resolution: "mkdirp@npm:1.0.4"
  bin:
    mkdirp: bin/cmd.js
  checksum: a96865108c6c3b1b8e1d5e9f11843de1e077e57737602de1b82030815f311be11f96f09cce59bd5b903d0b29834733e5313f9301e3ed6d6f6fba2eae0df4298f
  languageName: node
  linkType: hard

"mustache@npm:^4.2.0":
  version: 4.2.0
  resolution: "mustache@npm:4.2.0"
  bin:
    mustache: bin/mustache
  checksum: 928fcb63e3aa44a562bfe9b59ba202cccbe40a46da50be6f0dd831b495be1dd7e38ca4657f0ecab2c1a89dc7bccba0885eab7ee7c1b215830da765758c7e0506
  languageName: node
  linkType: hard

"node-forge@npm:^1.2.0":
  version: 1.2.1
  resolution: "node-forge@npm:1.2.1"
  checksum: af4f88c3f69362359f35f6a9e231b35c96d906eeb6e976fb92742afe7fcdd76439dc22b41ce3755389d171f6320756ec7505bdfa7b252466c091b8c519a22674
  languageName: node
  linkType: hard

"once@npm:^1.3.0":
  version: 1.4.0
  resolution: "once@npm:1.4.0"
  dependencies:
    wrappy: 1
  checksum: cd0a88501333edd640d95f0d2700fbde6bff20b3d4d9bdc521bdd31af0656b5706570d6c6afe532045a20bb8dc0849f8332d6f2a416e0ba6d3d3b98806c7db68
  languageName: node
  linkType: hard

"path-is-absolute@npm:^1.0.0":
  version: 1.0.1
  resolution: "path-is-absolute@npm:1.0.1"
  checksum: 060840f92cf8effa293bcc1bea81281bd7d363731d214cbe5c227df207c34cd727430f70c6037b5159c8a870b9157cba65e775446b0ab06fd5ecc7e54615a3b8
  languageName: node
  linkType: hard

"prettier@npm:2.5.1":
  version: 2.5.1
  resolution: "prettier@npm:2.5.1"
  bin:
    prettier: bin-prettier.js
  checksum: 21b9408476ea1c544b0e45d51ceb94a84789ff92095abb710942d780c862d0daebdb29972d47f6b4d0f7ebbfb0ffbf56cc2cfa3e3e9d1cca54864af185b15b66
  languageName: node
  linkType: hard

"rimraf@npm:^3.0.2":
  version: 3.0.2
  resolution: "rimraf@npm:3.0.2"
  dependencies:
    glob: ^7.1.3
  bin:
    rimraf: bin.js
  checksum: 87f4164e396f0171b0a3386cc1877a817f572148ee13a7e113b238e48e8a9f2f31d009a92ec38a591ff1567d9662c6b67fd8818a2dbbaed74bc26a87a2a4a9a0
  languageName: node
  linkType: hard

"selfsigned@npm:^2.0.0":
  version: 2.0.0
  resolution: "selfsigned@npm:2.0.0"
  dependencies:
    node-forge: ^1.2.0
  checksum: 43fca39a5aded2a8e97c1756af74c049a9dde12d47d302820f7d507d25c2ad7da4b04bc439a36620d63b4c0149bcf34ae7a729f978bf3b1bf48859c36ae34cee
  languageName: node
  linkType: hard

"semiver@npm:^1.1.0":
  version: 1.1.0
  resolution: "semiver@npm:1.1.0"
  checksum: 87e78c4fca6e082fed8905266341524b952a6d917397ca7e4feba469459e4165015fb25c0cd5b214f30ac4588e227e7c5b56ce91fd053893738d8a44a761ddb3
  languageName: node
  linkType: hard

"set-cookie-parser@npm:^2.4.8":
  version: 2.4.8
  resolution: "set-cookie-parser@npm:2.4.8"
  checksum: e15b5df9a56ab06d4895286033a6aff7b318ad024310df058b5821b3539cc06f716ef529618cac0dd78df40e37830de715f388c0f97f84062dd9be2326efcd0c
  languageName: node
  linkType: hard

"sipimaus@workspace:.":
  version: 0.0.0-use.local
  resolution: "sipimaus@workspace:."
  dependencies:
    "@cloudflare/workers-types": ^3.3.0
    "@cloudflare/wrangler": ^1.19.7
    "@yarnpkg/esbuild-plugin-pnp": ^2.0.1-rc.1
    esbuild: 0.14.13
    itty-router: 2.4.10
    miniflare: 2.2.0
    prettier: 2.5.1
    typescript: 4.5.5
  languageName: unknown
  linkType: soft

"source-map-support@npm:^0.5.20":
  version: 0.5.21
  resolution: "source-map-support@npm:0.5.21"
  dependencies:
    buffer-from: ^1.0.0
    source-map: ^0.6.0
  checksum: 43e98d700d79af1d36f859bdb7318e601dfc918c7ba2e98456118ebc4c4872b327773e5a1df09b0524e9e5063bb18f0934538eace60cca2710d1fa687645d137
  languageName: node
  linkType: hard

"source-map@npm:^0.6.0":
  version: 0.6.1
  resolution: "source-map@npm:0.6.1"
  checksum: 59ce8640cf3f3124f64ac289012c2b8bd377c238e316fb323ea22fbfe83da07d81e000071d7242cad7a23cd91c7de98e4df8830ec3f133cb6133a5f6e9f67bc2
  languageName: node
  linkType: hard

"stack-trace@npm:0.0.10":
  version: 0.0.10
  resolution: "stack-trace@npm:0.0.10"
  checksum: 473036ad32f8c00e889613153d6454f9be0536d430eb2358ca51cad6b95cea08a3cc33cc0e34de66b0dad221582b08ed2e61ef8e13f4087ab690f388362d6610
  languageName: node
  linkType: hard

"streamsearch@npm:0.1.2":
  version: 0.1.2
  resolution: "streamsearch@npm:0.1.2"
  checksum: d2db57cbfbf7947ab9c75a7b4c80a8ef8d24850cf0a1a24258bb6956c97317ce1eab7dbcbf9c5aba3e6198611af1053b02411057bbedb99bf9c64b8275248997
  languageName: node
  linkType: hard

"tar@npm:^6.1.10":
  version: 6.1.11
  resolution: "tar@npm:6.1.11"
  dependencies:
    chownr: ^2.0.0
    fs-minipass: ^2.0.0
    minipass: ^3.0.0
    minizlib: ^2.1.1
    mkdirp: ^1.0.3
    yallist: ^4.0.0
  checksum: a04c07bb9e2d8f46776517d4618f2406fb977a74d914ad98b264fc3db0fe8224da5bec11e5f8902c5b9bcb8ace22d95fbe3c7b36b8593b7dfc8391a25898f32f
  languageName: node
  linkType: hard

"tslib@npm:^1.13.0":
  version: 1.14.1
  resolution: "tslib@npm:1.14.1"
  checksum: dbe628ef87f66691d5d2959b3e41b9ca0045c3ee3c7c7b906cc1e328b39f199bb1ad9e671c39025bd56122ac57dfbf7385a94843b1cc07c60a4db74795829acd
  languageName: node
  linkType: hard

"typescript@npm:4.5.5":
  version: 4.5.5
  resolution: "typescript@npm:4.5.5"
  bin:
    tsc: bin/tsc
    tsserver: bin/tsserver
  checksum: 506f4c919dc8aeaafa92068c997f1d213b9df4d9756d0fae1a1e7ab66b585ab3498050e236113a1c9e57ee08c21ec6814ca7a7f61378c058d79af50a4b1f5a5e
  languageName: node
  linkType: hard

"typescript@patch:typescript@4.5.5#~builtin<compat/typescript>":
  version: 4.5.5
  resolution: "typescript@patch:typescript@npm%3A4.5.5#~builtin<compat/typescript>::version=4.5.5&hash=493e53"
  bin:
    tsc: bin/tsc
    tsserver: bin/tsserver
  checksum: c05c318d79c690f101d7ffb34cd6c7d6bbd884d3af9cefe7749ad0cd6be43c7082f098280982ca945dcba23fde34a08fed9602bb26540936baf8c0520727d3ba
  languageName: node
  linkType: hard

"undici@npm:4.12.1":
  version: 4.12.1
  resolution: "undici@npm:4.12.1"
  checksum: 969ea481ec57ac19a6a642497a84fe492baaf18dcfd885ea41f09e438ae71445c79ffd7756a7927cbe819eb7b7073bf1e3d53acf497e98f685621c4e92997fbd
  languageName: node
  linkType: hard

"wrappy@npm:1":
  version: 1.0.2
  resolution: "wrappy@npm:1.0.2"
  checksum: 159da4805f7e84a3d003d8841557196034155008f817172d4e986bd591f74aa82aa7db55929a54222309e01079a65a92a9e6414da5a6aa4b01ee44a511ac3ee5
  languageName: node
  linkType: hard

"ws@npm:^8.2.2":
  version: 8.4.2
  resolution: "ws@npm:8.4.2"
  peerDependencies:
    bufferutil: ^4.0.1
    utf-8-validate: ^5.0.2
  peerDependenciesMeta:
    bufferutil:
      optional: true
    utf-8-validate:
      optional: true
  checksum: 4369caaac8d1092a73871f5cf1d87fcbb995dc4183a1bc48e4f451bc2d02d0a8bf7c17edf1da18e2be3c773b09262275356b256d1c55bc7ca096154293ba2a8c
  languageName: node
  linkType: hard

"yallist@npm:^4.0.0":
  version: 4.0.0
  resolution: "yallist@npm:4.0.0"
  checksum: 343617202af32df2a15a3be36a5a8c0c8545208f3d3dfbc6bb7c3e3b7e8c6f8e7485432e4f3b88da3031a6e20afa7c711eded32ddfb122896ac5d914e75848d5
  languageName: node
  linkType: hard

"youch@npm:^2.2.2":
  version: 2.2.2
  resolution: "youch@npm:2.2.2"
  dependencies:
    "@types/stack-trace": 0.0.29
    cookie: ^0.4.1
    mustache: ^4.2.0
    stack-trace: 0.0.10
  checksum: e81644ad9469a26949a85cb2e1a3f9c9faf11daa67a265e9ad0361942b2c06cf02ee1dc8c85d74fe7ad25d35bbc2fee34717a54c5a0b8eeb82dc9276d139906b
  languageName: node
  linkType: hard
